
Microsoft Visual Studio Solution File, Format Version 12.00
# Visual Studio 15
VisualStudioVersion = 15.0.28307.329
MinimumVisualStudioVersion = 10.0.40219.1
Project("{FAE04EC0-301F-11D3-BF4B-00C04F79EFBC}") = "randoGenNum.Android", "randoGenNum\randoGenNum.Android\randoGenNum.Android.csproj", "{EF8DCF46-C394-43A1-B2D3-792A2979DA94}"
EndProject
Project("{FAE04EC0-301F-11D3-BF4B-00C04F79EFBC}") = "randoGenNum.iOS", "randoGenNum\randoGenNum.iOS\randoGenNum.iOS.csproj", "{DB672CE1-B1BB-4F99-8844-78F5F8B49670}"
EndProject
Project("{FAE04EC0-301F-11D3-BF4B-00C04F79EFBC}") = "randoGenNum.UWP", "randoGenNum\randoGenNum.UWP\randoGenNum.UWP.csproj", "{BD7FCE1D-39C6-4968-811D-BBBA40B8DDFD}"
EndProject
Project("{9A19103F-16F7-4668-BE54-9A1E7A4F7556}") = "randoGenNum", "randoGenNum\randoGenNum\randoGenNum.csproj", "{85BE5D5F-7AA4-4E21-AFB1-8789BEF55B6F}"
EndProject
Project("{FAE04EC0-301F-11D3-BF4B-00C04F79EFBC}") = "Tests", "Tests\Tests.csproj", "{D097C6F4-B182-4A86-A8D8-737557BE0034}"
EndProject
Global
	GlobalSection(SolutionConfigurationPlatforms) = preSolution
		Ad-Hoc|Any CPU = Ad-Hoc|Any CPU
		Ad-Hoc|ARM = Ad-Hoc|ARM
		Ad-Hoc|iPhone = Ad-Hoc|iPhone
		Ad-Hoc|iPhoneSimulator = Ad-Hoc|iPhoneSimulator
		Ad-Hoc|x64 = Ad-Hoc|x64
		Ad-Hoc|x86 = Ad-Hoc|x86
		AppStore|Any CPU = AppStore|Any CPU
		AppStore|ARM = AppStore|ARM
		AppStore|iPhone = AppStore|iPhone
		AppStore|iPhoneSimulator = AppStore|iPhoneSimulator
		AppStore|x64 = AppStore|x64
		AppStore|x86 = AppStore|x86
		Debug|Any CPU = Debug|Any CPU
		Debug|ARM = Debug|ARM
		Debug|iPhone = Debug|iPhone
		Debug|iPhoneSimulator = Debug|iPhoneSimulator
		Debug|x64 = Debug|x64
		Debug|x86 = Debug|x86
		Release|Any CPU = Release|Any CPU
		Release|ARM = Release|ARM
		Release|iPhone = Release|iPhone
		Release|iPhoneSimulator = Release|iPhoneSimulator
		Release|x64 = Release|x64
		Release|x86 = Release|x86
	EndGlobalSection
	GlobalSection(ProjectConfigurationPlatforms) = postSolution
		{EF8DCF46-C394-43A1-B2D3-792A2979DA94}.Ad-Hoc|Any CPU.ActiveCfg = Release|Any CPU
		{EF8DCF46-C394-43A1-B2D3-792A2979DA94}.Ad-Hoc|Any CPU.Build.0 = Release|Any CPU
		{EF8DCF46-C394-43A1-B2D3-792A2979DA94}.Ad-Hoc|Any CPU.Deploy.0 = Release|Any CPU
		{EF8DCF46-C394-43A1-B2D3-792A2979DA94}.Ad-Hoc|ARM.ActiveCfg = Release|Any CPU
		{EF8DCF46-C394-43A1-B2D3-792A2979DA94}.Ad-Hoc|ARM.Build.0 = Release|Any CPU
		{EF8DCF46-C394-43A1-B2D3-792A2979DA94}.Ad-Hoc|ARM.Deploy.0 = Release|Any CPU
		{EF8DCF46-C394-43A1-B2D3-792A2979DA94}.Ad-Hoc|iPhone.ActiveCfg = Release|Any CPU
		{EF8DCF46-C394-43A1-B2D3-792A2979DA94}.Ad-Hoc|iPhone.Build.0 = Release|Any CPU
		{EF8DCF46-C394-43A1-B2D3-792A2979DA94}.Ad-Hoc|iPhone.Deploy.0 = Release|Any CPU
		{EF8DCF46-C394-43A1-B2D3-792A2979DA94}.Ad-Hoc|iPhoneSimulator.ActiveCfg = Release|Any CPU
		{EF8DCF46-C394-43A1-B2D3-792A2979DA94}.Ad-Hoc|iPhoneSimulator.Build.0 = Release|Any CPU
		{EF8DCF46-C394-43A1-B2D3-792A2979DA94}.Ad-Hoc|iPhoneSimulator.Deploy.0 = Release|Any CPU
		{EF8DCF46-C394-43A1-B2D3-792A2979DA94}.Ad-Hoc|x64.ActiveCfg = Release|Any CPU
		{EF8DCF46-C394-43A1-B2D3-792A2979DA94}.Ad-Hoc|x64.Build.0 = Release|Any CPU
		{EF8DCF46-C394-43A1-B2D3-792A2979DA94}.Ad-Hoc|x64.Deploy.0 = Release|Any CPU
		{EF8DCF46-C394-43A1-B2D3-792A2979DA94}.Ad-Hoc|x86.ActiveCfg = Release|Any CPU
		{EF8DCF46-C394-43A1-B2D3-792A2979DA94}.Ad-Hoc|x86.Build.0 = Release|Any CPU
		{EF8DCF46-C394-43A1-B2D3-792A2979DA94}.Ad-Hoc|x86.Deploy.0 = Release|Any CPU
		{EF8DCF46-C394-43A1-B2D3-792A2979DA94}.AppStore|Any CPU.ActiveCfg = Release|Any CPU
		{EF8DCF46-C394-43A1-B2D3-792A2979DA94}.AppStore|Any CPU.Build.0 = Release|Any CPU
		{EF8DCF46-C394-43A1-B2D3-792A2979DA94}.AppStore|Any CPU.Deploy.0 = Release|Any CPU
		{EF8DCF46-C394-43A1-B2D3-792A2979DA94}.AppStore|ARM.ActiveCfg = Release|Any CPU
		{EF8DCF46-C394-43A1-B2D3-792A2979DA94}.AppStore|ARM.Build.0 = Release|Any CPU
		{EF8DCF46-C394-43A1-B2D3-792A2979DA94}.AppStore|ARM.Deploy.0 = Release|Any CPU
		{EF8DCF46-C394-43A1-B2D3-792A2979DA94}.AppStore|iPhone.ActiveCfg = Release|Any CPU
		{EF8DCF46-C394-43A1-B2D3-792A2979DA94}.AppStore|iPhone.Build.0 = Release|Any CPU
		{EF8DCF46-C394-43A1-B2D3-792A2979DA94}.AppStore|iPhone.Deploy.0 = Release|Any CPU
		{EF8DCF46-C394-43A1-B2D3-792A2979DA94}.AppStore|iPhoneSimulator.ActiveCfg = Release|Any CPU
		{EF8DCF46-C394-43A1-B2D3-792A2979DA94}.AppStore|iPhoneSimulator.Build.0 = Release|Any CPU
		{EF8DCF46-C394-43A1-B2D3-792A2979DA94}.AppStore|iPhoneSimulator.Deploy.0 = Release|Any CPU
		{EF8DCF46-C394-43A1-B2D3-792A2979DA94}.AppStore|x64.ActiveCfg = Release|Any CPU
		{EF8DCF46-C394-43A1-B2D3-792A2979DA94}.AppStore|x64.Build.0 = Release|Any CPU
		{EF8DCF46-C394-43A1-B2D3-792A2979DA94}.AppStore|x64.Deploy.0 = Release|Any CPU
		{EF8DCF46-C394-43A1-B2D3-792A2979DA94}.AppStore|x86.ActiveCfg = Release|Any CPU
		{EF8DCF46-C394-43A1-B2D3-792A2979DA94}.AppStore|x86.Build.0 = Release|Any CPU
		{EF8DCF46-C394-43A1-B2D3-792A2979DA94}.AppStore|x86.Deploy.0 = Release|Any CPU
		{EF8DCF46-C394-43A1-B2D3-792A2979DA94}.Debug|Any CPU.ActiveCfg = Debug|Any CPU
		{EF8DCF46-C394-43A1-B2D3-792A2979DA94}.Debug|Any CPU.Build.0 = Debug|Any CPU
		{EF8DCF46-C394-43A1-B2D3-792A2979DA94}.Debug|Any CPU.Deploy.0 = Debug|Any CPU
		{EF8DCF46-C394-43A1-B2D3-792A2979DA94}.Debug|ARM.ActiveCfg = Debug|Any CPU
		{EF8DCF46-C394-43A1-B2D3-792A2979DA94}.Debug|ARM.Build.0 = Debug|Any CPU
		{EF8DCF46-C394-43A1-B2D3-792A2979DA94}.Debug|ARM.Deploy.0 = Debug|Any CPU
		{EF8DCF46-C394-43A1-B2D3-792A2979DA94}.Debug|iPhone.ActiveCfg = Debug|Any CPU
		{EF8DCF46-C394-43A1-B2D3-792A2979DA94}.Debug|iPhone.Build.0 = Debug|Any CPU
		{EF8DCF46-C394-43A1-B2D3-792A2979DA94}.Debug|iPhone.Deploy.0 = Debug|Any CPU
		{EF8DCF46-C394-43A1-B2D3-792A2979DA94}.Debug|iPhoneSimulator.ActiveCfg = Debug|Any CPU
		{EF8DCF46-C394-43A1-B2D3-792A2979DA94}.Debug|iPhoneSimulator.Build.0 = Debug|Any CPU
		{EF8DCF46-C394-43A1-B2D3-792A2979DA94}.Debug|iPhoneSimulator.Deploy.0 = Debug|Any CPU
		{EF8DCF46-C394-43A1-B2D3-792A2979DA94}.Debug|x64.ActiveCfg = Debug|Any CPU
		{EF8DCF46-C394-43A1-B2D3-792A2979DA94}.Debug|x64.Build.0 = Debug|Any CPU
		{EF8DCF46-C394-43A1-B2D3-792A2979DA94}.Debug|x64.Deploy.0 = Debug|Any CPU
		{EF8DCF46-C394-43A1-B2D3-792A2979DA94}.Debug|x86.ActiveCfg = Debug|Any CPU
		{EF8DCF46-C394-43A1-B2D3-792A2979DA94}.Debug|x86.Build.0 = Debug|Any CPU
		{EF8DCF46-C394-43A1-B2D3-792A2979DA94}.Debug|x86.Deploy.0 = Debug|Any CPU
		{EF8DCF46-C394-43A1-B2D3-792A2979DA94}.Release|Any CPU.ActiveCfg = Release|Any CPU
		{EF8DCF46-C394-43A1-B2D3-792A2979DA94}.Release|Any CPU.Build.0 = Release|Any CPU
		{EF8DCF46-C394-43A1-B2D3-792A2979DA94}.Release|Any CPU.Deploy.0 = Release|Any CPU
		{EF8DCF46-C394-43A1-B2D3-792A2979DA94}.Release|ARM.ActiveCfg = Release|Any CPU
		{EF8DCF46-C394-43A1-B2D3-792A2979DA94}.Release|ARM.Build.0 = Release|Any CPU
		{EF8DCF46-C394-43A1-B2D3-792A2979DA94}.Release|ARM.Deploy.0 = Release|Any CPU
		{EF8DCF46-C394-43A1-B2D3-792A2979DA94}.Release|iPhone.ActiveCfg = Release|Any CPU
		{EF8DCF46-C394-43A1-B2D3-792A2979DA94}.Release|iPhone.Build.0 = Release|Any CPU
		{EF8DCF46-C394-43A1-B2D3-792A2979DA94}.Release|iPhone.Deploy.0 = Release|Any CPU
		{EF8DCF46-C394-43A1-B2D3-792A2979DA94}.Release|iPhoneSimulator.ActiveCfg = Release|Any CPU
		{EF8DCF46-C394-43A1-B2D3-792A2979DA94}.Release|iPhoneSimulator.Build.0 = Release|Any CPU
		{EF8DCF46-C394-43A1-B2D3-792A2979DA94}.Release|iPhoneSimulator.Deploy.0 = Release|Any CPU
		{EF8DCF46-C394-43A1-B2D3-792A2979DA94}.Release|x64.ActiveCfg = Release|Any CPU
		{EF8DCF46-C394-43A1-B2D3-792A2979DA94}.Release|x64.Build.0 = Release|Any CPU
		{EF8DCF46-C394-43A1-B2D3-792A2979DA94}.Release|x64.Deploy.0 = Release|Any CPU
		{EF8DCF46-C394-43A1-B2D3-792A2979DA94}.Release|x86.ActiveCfg = Release|Any CPU
		{EF8DCF46-C394-43A1-B2D3-792A2979DA94}.Release|x86.Build.0 = Release|Any CPU
		{EF8DCF46-C394-43A1-B2D3-792A2979DA94}.Release|x86.Deploy.0 = Release|Any CPU
		{DB672CE1-B1BB-4F99-8844-78F5F8B49670}.Ad-Hoc|Any CPU.ActiveCfg = Ad-Hoc|iPhone
		{DB672CE1-B1BB-4F99-8844-78F5F8B49670}.Ad-Hoc|Any CPU.Build.0 = Ad-Hoc|iPhone
		{DB672CE1-B1BB-4F99-8844-78F5F8B49670}.Ad-Hoc|Any CPU.Deploy.0 = Ad-Hoc|iPhone
		{DB672CE1-B1BB-4F99-8844-78F5F8B49670}.Ad-Hoc|ARM.ActiveCfg = Ad-Hoc|iPhone
		{DB672CE1-B1BB-4F99-8844-78F5F8B49670}.Ad-Hoc|ARM.Build.0 = Ad-Hoc|iPhone
		{DB672CE1-B1BB-4F99-8844-78F5F8B49670}.Ad-Hoc|ARM.Deploy.0 = Ad-Hoc|iPhone
		{DB672CE1-B1BB-4F99-8844-78F5F8B49670}.Ad-Hoc|iPhone.ActiveCfg = Ad-Hoc|iPhone
		{DB672CE1-B1BB-4F99-8844-78F5F8B49670}.Ad-Hoc|iPhone.Build.0 = Ad-Hoc|iPhone
		{DB672CE1-B1BB-4F99-8844-78F5F8B49670}.Ad-Hoc|iPhone.Deploy.0 = Ad-Hoc|iPhone
		{DB672CE1-B1BB-4F99-8844-78F5F8B49670}.Ad-Hoc|iPhoneSimulator.ActiveCfg = Ad-Hoc|iPhoneSimulator
		{DB672CE1-B1BB-4F99-8844-78F5F8B49670}.Ad-Hoc|iPhoneSimulator.Build.0 = Ad-Hoc|iPhoneSimulator
		{DB672CE1-B1BB-4F99-8844-78F5F8B49670}.Ad-Hoc|iPhoneSimulator.Deploy.0 = Ad-Hoc|iPhoneSimulator
		{DB672CE1-B1BB-4F99-8844-78F5F8B49670}.Ad-Hoc|x64.ActiveCfg = Ad-Hoc|iPhone
		{DB672CE1-B1BB-4F99-8844-78F5F8B49670}.Ad-Hoc|x64.Build.0 = Ad-Hoc|iPhone
		{DB672CE1-B1BB-4F99-8844-78F5F8B49670}.Ad-Hoc|x64.Deploy.0 = Ad-Hoc|iPhone
		{DB672CE1-B1BB-4F99-8844-78F5F8B49670}.Ad-Hoc|x86.ActiveCfg = Ad-Hoc|iPhone
		{DB672CE1-B1BB-4F99-8844-78F5F8B49670}.Ad-Hoc|x86.Build.0 = Ad-Hoc|iPhone
		{DB672CE1-B1BB-4F99-8844-78F5F8B49670}.Ad-Hoc|x86.Deploy.0 = Ad-Hoc|iPhone
		{DB672CE1-B1BB-4F99-8844-78F5F8B49670}.AppStore|Any CPU.ActiveCfg = AppStore|iPhone
		{DB672CE1-B1BB-4F99-8844-78F5F8B49670}.AppStore|Any CPU.Build.0 = AppStore|iPhone
		{DB672CE1-B1BB-4F99-8844-78F5F8B49670}.AppStore|Any CPU.Deploy.0 = AppStore|iPhone
		{DB672CE1-B1BB-4F99-8844-78F5F8B49670}.AppStore|ARM.ActiveCfg = AppStore|iPhone
		{DB672CE1-B1BB-4F99-8844-78F5F8B49670}.AppStore|ARM.Build.0 = AppStore|iPhone
		{DB672CE1-B1BB-4F99-8844-78F5F8B49670}.AppStore|ARM.Deploy.0 = AppStore|iPhone
		{DB672CE1-B1BB-4F99-8844-78F5F8B49670}.AppStore|iPhone.ActiveCfg = AppStore|iPhone
		{DB672CE1-B1BB-4F99-8844-78F5F8B49670}.AppStore|iPhone.Build.0 = AppStore|iPhone
		{DB672CE1-B1BB-4F99-8844-78F5F8B49670}.AppStore|iPhone.Deploy.0 = AppStore|iPhone
		{DB672CE1-B1BB-4F99-8844-78F5F8B49670}.AppStore|iPhoneSimulator.ActiveCfg = AppStore|iPhoneSimulator
		{DB672CE1-B1BB-4F99-8844-78F5F8B49670}.AppStore|iPhoneSimulator.Build.0 = AppStore|iPhoneSimulator
		{DB672CE1-B1BB-4F99-8844-78F5F8B49670}.AppStore|iPhoneSimulator.Deploy.0 = AppStore|iPhoneSimulator
		{DB672CE1-B1BB-4F99-8844-78F5F8B49670}.AppStore|x64.ActiveCfg = AppStore|iPhone
		{DB672CE1-B1BB-4F99-8844-78F5F8B49670}.AppStore|x64.Build.0 = AppStore|iPhone
		{DB672CE1-B1BB-4F99-8844-78F5F8B49670}.AppStore|x64.Deploy.0 = AppStore|iPhone
		{DB672CE1-B1BB-4F99-8844-78F5F8B49670}.AppStore|x86.ActiveCfg = AppStore|iPhone
		{DB672CE1-B1BB-4F99-8844-78F5F8B49670}.AppStore|x86.Build.0 = AppStore|iPhone
		{DB672CE1-B1BB-4F99-8844-78F5F8B49670}.AppStore|x86.Deploy.0 = AppStore|iPhone
		{DB672CE1-B1BB-4F99-8844-78F5F8B49670}.Debug|Any CPU.ActiveCfg = Debug|iPhoneSimulator
		{DB672CE1-B1BB-4F99-8844-78F5F8B49670}.Debug|Any CPU.Build.0 = Debug|iPhoneSimulator
		{DB672CE1-B1BB-4F99-8844-78F5F8B49670}.Debug|Any CPU.Deploy.0 = Debug|iPhoneSimulator
		{DB672CE1-B1BB-4F99-8844-78F5F8B49670}.Debug|ARM.ActiveCfg = Debug|iPhone
		{DB672CE1-B1BB-4F99-8844-78F5F8B49670}.Debug|ARM.Build.0 = Debug|iPhone
		{DB672CE1-B1BB-4F99-8844-78F5F8B49670}.Debug|ARM.Deploy.0 = Debug|iPhone
		{DB672CE1-B1BB-4F99-8844-78F5F8B49670}.Debug|iPhone.ActiveCfg = Debug|iPhone
		{DB672CE1-B1BB-4F99-8844-78F5F8B49670}.Debug|iPhone.Build.0 = Debug|iPhone
		{DB672CE1-B1BB-4F99-8844-78F5F8B49670}.Debug|iPhone.Deploy.0 = Debug|iPhone
		{DB672CE1-B1BB-4F99-8844-78F5F8B49670}.Debug|iPhoneSimulator.ActiveCfg = Debug|iPhoneSimulator
		{DB672CE1-B1BB-4F99-8844-78F5F8B49670}.Debug|iPhoneSimulator.Build.0 = Debug|iPhoneSimulator
		{DB672CE1-B1BB-4F99-8844-78F5F8B49670}.Debug|iPhoneSimulator.Deploy.0 = Debug|iPhoneSimulator
		{DB672CE1-B1BB-4F99-8844-78F5F8B49670}.Debug|x64.ActiveCfg = Debug|iPhone
		{DB672CE1-B1BB-4F99-8844-78F5F8B49670}.Debug|x64.Build.0 = Debug|iPhone
		{DB672CE1-B1BB-4F99-8844-78F5F8B49670}.Debug|x64.Deploy.0 = Debug|iPhone
		{DB672CE1-B1BB-4F99-8844-78F5F8B49670}.Debug|x86.ActiveCfg = Debug|iPhone
		{DB672CE1-B1BB-4F99-8844-78F5F8B49670}.Debug|x86.Build.0 = Debug|iPhone
		{DB672CE1-B1BB-4F99-8844-78F5F8B49670}.Debug|x86.Deploy.0 = Debug|iPhone
		{DB672CE1-B1BB-4F99-8844-78F5F8B49670}.Release|Any CPU.ActiveCfg = Release|iPhone
		{DB672CE1-B1BB-4F99-8844-78F5F8B49670}.Release|Any CPU.Build.0 = Release|iPhone
		{DB672CE1-B1BB-4F99-8844-78F5F8B49670}.Release|Any CPU.Deploy.0 = Release|iPhone
		{DB672CE1-B1BB-4F99-8844-78F5F8B49670}.Release|ARM.ActiveCfg = Release|iPhone
		{DB672CE1-B1BB-4F99-8844-78F5F8B49670}.Release|ARM.Build.0 = Release|iPhone
		{DB672CE1-B1BB-4F99-8844-78F5F8B49670}.Release|ARM.Deploy.0 = Release|iPhone
		{DB672CE1-B1BB-4F99-8844-78F5F8B49670}.Release|iPhone.ActiveCfg = Release|iPhone
		{DB672CE1-B1BB-4F99-8844-78F5F8B49670}.Release|iPhone.Build.0 = Release|iPhone
		{DB672CE1-B1BB-4F99-8844-78F5F8B49670}.Release|iPhone.Deploy.0 = Release|iPhone
		{DB672CE1-B1BB-4F99-8844-78F5F8B49670}.Release|iPhoneSimulator.ActiveCfg = Release|iPhoneSimulator
		{DB672CE1-B1BB-4F99-8844-78F5F8B49670}.Release|iPhoneSimulator.Build.0 = Release|iPhoneSimulator
		{DB672CE1-B1BB-4F99-8844-78F5F8B49670}.Release|iPhoneSimulator.Deploy.0 = Release|iPhoneSimulator
		{DB672CE1-B1BB-4F99-8844-78F5F8B49670}.Release|x64.ActiveCfg = Release|iPhone
		{DB672CE1-B1BB-4F99-8844-78F5F8B49670}.Release|x64.Build.0 = Release|iPhone
		{DB672CE1-B1BB-4F99-8844-78F5F8B49670}.Release|x64.Deploy.0 = Release|iPhone
		{DB672CE1-B1BB-4F99-8844-78F5F8B49670}.Release|x86.ActiveCfg = Release|iPhone
		{DB672CE1-B1BB-4F99-8844-78F5F8B49670}.Release|x86.Build.0 = Release|iPhone
		{DB672CE1-B1BB-4F99-8844-78F5F8B49670}.Release|x86.Deploy.0 = Release|iPhone
		{BD7FCE1D-39C6-4968-811D-BBBA40B8DDFD}.Ad-Hoc|Any CPU.ActiveCfg = Release|x86
		{BD7FCE1D-39C6-4968-811D-BBBA40B8DDFD}.Ad-Hoc|Any CPU.Build.0 = Release|x86
		{BD7FCE1D-39C6-4968-811D-BBBA40B8DDFD}.Ad-Hoc|Any CPU.Deploy.0 = Release|x86
		{BD7FCE1D-39C6-4968-811D-BBBA40B8DDFD}.Ad-Hoc|ARM.ActiveCfg = Release|ARM
		{BD7FCE1D-39C6-4968-811D-BBBA40B8DDFD}.Ad-Hoc|ARM.Build.0 = Release|ARM
		{BD7FCE1D-39C6-4968-811D-BBBA40B8DDFD}.Ad-Hoc|ARM.Deploy.0 = Release|ARM
		{BD7FCE1D-39C6-4968-811D-BBBA40B8DDFD}.Ad-Hoc|iPhone.ActiveCfg = Release|x86
		{BD7FCE1D-39C6-4968-811D-BBBA40B8DDFD}.Ad-Hoc|iPhone.Build.0 = Release|x86
		{BD7FCE1D-39C6-4968-811D-BBBA40B8DDFD}.Ad-Hoc|iPhone.Deploy.0 = Release|x86
		{BD7FCE1D-39C6-4968-811D-BBBA40B8DDFD}.Ad-Hoc|iPhoneSimulator.ActiveCfg = Release|x86
		{BD7FCE1D-39C6-4968-811D-BBBA40B8DDFD}.Ad-Hoc|iPhoneSimulator.Build.0 = Release|x86
		{BD7FCE1D-39C6-4968-811D-BBBA40B8DDFD}.Ad-Hoc|iPhoneSimulator.Deploy.0 = Release|x86
		{BD7FCE1D-39C6-4968-811D-BBBA40B8DDFD}.Ad-Hoc|x64.ActiveCfg = Release|x64
		{BD7FCE1D-39C6-4968-811D-BBBA40B8DDFD}.Ad-Hoc|x64.Build.0 = Release|x64
		{BD7FCE1D-39C6-4968-811D-BBBA40B8DDFD}.Ad-Hoc|x64.Deploy.0 = Release|x64
		{BD7FCE1D-39C6-4968-811D-BBBA40B8DDFD}.Ad-Hoc|x86.ActiveCfg = Release|x86
		{BD7FCE1D-39C6-4968-811D-BBBA40B8DDFD}.Ad-Hoc|x86.Build.0 = Release|x86
		{BD7FCE1D-39C6-4968-811D-BBBA40B8DDFD}.Ad-Hoc|x86.Deploy.0 = Release|x86
		{BD7FCE1D-39C6-4968-811D-BBBA40B8DDFD}.AppStore|Any CPU.ActiveCfg = Release|x86
		{BD7FCE1D-39C6-4968-811D-BBBA40B8DDFD}.AppStore|Any CPU.Build.0 = Release|x86
		{BD7FCE1D-39C6-4968-811D-BBBA40B8DDFD}.AppStore|Any CPU.Deploy.0 = Release|x86
		{BD7FCE1D-39C6-4968-811D-BBBA40B8DDFD}.AppStore|ARM.ActiveCfg = Release|ARM
		{BD7FCE1D-39C6-4968-811D-BBBA40B8DDFD}.AppStore|ARM.Build.0 = Release|ARM
		{BD7FCE1D-39C6-4968-811D-BBBA40B8DDFD}.AppStore|ARM.Deploy.0 = Release|ARM
		{BD7FCE1D-39C6-4968-811D-BBBA40B8DDFD}.AppStore|iPhone.ActiveCfg = Release|x86
		{BD7FCE1D-39C6-4968-811D-BBBA40B8DDFD}.AppStore|iPhone.Build.0 = Release|x86
		{BD7FCE1D-39C6-4968-811D-BBBA40B8DDFD}.AppStore|iPhone.Deploy.0 = Release|x86
		{BD7FCE1D-39C6-4968-811D-BBBA40B8DDFD}.AppStore|iPhoneSimulator.ActiveCfg = Release|x86
		{BD7FCE1D-39C6-4968-811D-BBBA40B8DDFD}.AppStore|iPhoneSimulator.Build.0 = Release|x86
		{BD7FCE1D-39C6-4968-811D-BBBA40B8DDFD}.AppStore|iPhoneSimulator.Deploy.0 = Release|x86
		{BD7FCE1D-39C6-4968-811D-BBBA40B8DDFD}.AppStore|x64.ActiveCfg = Release|x64
		{BD7FCE1D-39C6-4968-811D-BBBA40B8DDFD}.AppStore|x64.Build.0 = Release|x64
		{BD7FCE1D-39C6-4968-811D-BBBA40B8DDFD}.AppStore|x64.Deploy.0 = Release|x64
		{BD7FCE1D-39C6-4968-811D-BBBA40B8DDFD}.AppStore|x86.ActiveCfg = Release|x86
		{BD7FCE1D-39C6-4968-811D-BBBA40B8DDFD}.AppStore|x86.Build.0 = Release|x86
		{BD7FCE1D-39C6-4968-811D-BBBA40B8DDFD}.AppStore|x86.Deploy.0 = Release|x86
		{BD7FCE1D-39C6-4968-811D-BBBA40B8DDFD}.Debug|Any CPU.ActiveCfg = Debug|x86
		{BD7FCE1D-39C6-4968-811D-BBBA40B8DDFD}.Debug|Any CPU.Build.0 = Debug|x86
		{BD7FCE1D-39C6-4968-811D-BBBA40B8DDFD}.Debug|Any CPU.Deploy.0 = Debug|x86
		{BD7FCE1D-39C6-4968-811D-BBBA40B8DDFD}.Debug|ARM.ActiveCfg = Debug|ARM
		{BD7FCE1D-39C6-4968-811D-BBBA40B8DDFD}.Debug|ARM.Build.0 = Debug|ARM
		{BD7FCE1D-39C6-4968-811D-BBBA40B8DDFD}.Debug|ARM.Deploy.0 = Debug|ARM
		{BD7FCE1D-39C6-4968-811D-BBBA40B8DDFD}.Debug|iPhone.ActiveCfg = Debug|x86
		{BD7FCE1D-39C6-4968-811D-BBBA40B8DDFD}.Debug|iPhone.Build.0 = Debug|x86
		{BD7FCE1D-39C6-4968-811D-BBBA40B8DDFD}.Debug|iPhone.Deploy.0 = Debug|x86
		{BD7FCE1D-39C6-4968-811D-BBBA40B8DDFD}.Debug|iPhoneSimulator.ActiveCfg = Debug|x86
		{BD7FCE1D-39C6-4968-811D-BBBA40B8DDFD}.Debug|iPhoneSimulator.Build.0 = Debug|x86
		{BD7FCE1D-39C6-4968-811D-BBBA40B8DDFD}.Debug|iPhoneSimulator.Deploy.0 = Debug|x86
		{BD7FCE1D-39C6-4968-811D-BBBA40B8DDFD}.Debug|x64.ActiveCfg = Debug|x64
		{BD7FCE1D-39C6-4968-811D-BBBA40B8DDFD}.Debug|x64.Build.0 = Debug|x64
		{BD7FCE1D-39C6-4968-811D-BBBA40B8DDFD}.Debug|x64.Deploy.0 = Debug|x64
		{BD7FCE1D-39C6-4968-811D-BBBA40B8DDFD}.Debug|x86.ActiveCfg = Debug|x86
		{BD7FCE1D-39C6-4968-811D-BBBA40B8DDFD}.Debug|x86.Build.0 = Debug|x86
		{BD7FCE1D-39C6-4968-811D-BBBA40B8DDFD}.Debug|x86.Deploy.0 = Debug|x86
		{BD7FCE1D-39C6-4968-811D-BBBA40B8DDFD}.Release|Any CPU.ActiveCfg = Release|x86
		{BD7FCE1D-39C6-4968-811D-BBBA40B8DDFD}.Release|Any CPU.Build.0 = Release|x86
		{BD7FCE1D-39C6-4968-811D-BBBA40B8DDFD}.Release|Any CPU.Deploy.0 = Release|x86
		{BD7FCE1D-39C6-4968-811D-BBBA40B8DDFD}.Release|ARM.ActiveCfg = Release|ARM
		{BD7FCE1D-39C6-4968-811D-BBBA40B8DDFD}.Release|ARM.Build.0 = Release|ARM
		{BD7FCE1D-39C6-4968-811D-BBBA40B8DDFD}.Release|ARM.Deploy.0 = Release|ARM
		{BD7FCE1D-39C6-4968-811D-BBBA40B8DDFD}.Release|iPhone.ActiveCfg = Release|x86
		{BD7FCE1D-39C6-4968-811D-BBBA40B8DDFD}.Release|iPhone.Build.0 = Release|x86
		{BD7FCE1D-39C6-4968-811D-BBBA40B8DDFD}.Release|iPhone.Deploy.0 = Release|x86
		{BD7FCE1D-39C6-4968-811D-BBBA40B8DDFD}.Release|iPhoneSimulator.ActiveCfg = Release|x86
		{BD7FCE1D-39C6-4968-811D-BBBA40B8DDFD}.Release|iPhoneSimulator.Build.0 = Release|x86
		{BD7FCE1D-39C6-4968-811D-BBBA40B8DDFD}.Release|iPhoneSimulator.Deploy.0 = Release|x86
		{BD7FCE1D-39C6-4968-811D-BBBA40B8DDFD}.Release|x64.ActiveCfg = Release|x64
		{BD7FCE1D-39C6-4968-811D-BBBA40B8DDFD}.Release|x64.Build.0 = Release|x64
		{BD7FCE1D-39C6-4968-811D-BBBA40B8DDFD}.Release|x64.Deploy.0 = Release|x64
		{BD7FCE1D-39C6-4968-811D-BBBA40B8DDFD}.Release|x86.ActiveCfg = Release|x86
		{BD7FCE1D-39C6-4968-811D-BBBA40B8DDFD}.Release|x86.Build.0 = Release|x86
		{BD7FCE1D-39C6-4968-811D-BBBA40B8DDFD}.Release|x86.Deploy.0 = Release|x86
		{85BE5D5F-7AA4-4E21-AFB1-8789BEF55B6F}.Ad-Hoc|Any CPU.ActiveCfg = Debug|Any CPU
		{85BE5D5F-7AA4-4E21-AFB1-8789BEF55B6F}.Ad-Hoc|Any CPU.Build.0 = Debug|Any CPU
		{85BE5D5F-7AA4-4E21-AFB1-8789BEF55B6F}.Ad-Hoc|Any CPU.Deploy.0 = Debug|Any CPU
		{85BE5D5F-7AA4-4E21-AFB1-8789BEF55B6F}.Ad-Hoc|ARM.ActiveCfg = Debug|Any CPU
		{85BE5D5F-7AA4-4E21-AFB1-8789BEF55B6F}.Ad-Hoc|ARM.Build.0 = Debug|Any CPU
		{85BE5D5F-7AA4-4E21-AFB1-8789BEF55B6F}.Ad-Hoc|ARM.Deploy.0 = Debug|Any CPU
		{85BE5D5F-7AA4-4E21-AFB1-8789BEF55B6F}.Ad-Hoc|iPhone.ActiveCfg = Debug|Any CPU
		{85BE5D5F-7AA4-4E21-AFB1-8789BEF55B6F}.Ad-Hoc|iPhone.Build.0 = Debug|Any CPU
		{85BE5D5F-7AA4-4E21-AFB1-8789BEF55B6F}.Ad-Hoc|iPhone.Deploy.0 = Debug|Any CPU
		{85BE5D5F-7AA4-4E21-AFB1-8789BEF55B6F}.Ad-Hoc|iPhoneSimulator.ActiveCfg = Debug|Any CPU
		{85BE5D5F-7AA4-4E21-AFB1-8789BEF55B6F}.Ad-Hoc|iPhoneSimulator.Build.0 = Debug|Any CPU
		{85BE5D5F-7AA4-4E21-AFB1-8789BEF55B6F}.Ad-Hoc|iPhoneSimulator.Deploy.0 = Debug|Any CPU
		{85BE5D5F-7AA4-4E21-AFB1-8789BEF55B6F}.Ad-Hoc|x64.ActiveCfg = Debug|Any CPU
		{85BE5D5F-7AA4-4E21-AFB1-8789BEF55B6F}.Ad-Hoc|x64.Build.0 = Debug|Any CPU
		{85BE5D5F-7AA4-4E21-AFB1-8789BEF55B6F}.Ad-Hoc|x64.Deploy.0 = Debug|Any CPU
		{85BE5D5F-7AA4-4E21-AFB1-8789BEF55B6F}.Ad-Hoc|x86.ActiveCfg = Debug|Any CPU
		{85BE5D5F-7AA4-4E21-AFB1-8789BEF55B6F}.Ad-Hoc|x86.Build.0 = Debug|Any CPU
		{85BE5D5F-7AA4-4E21-AFB1-8789BEF55B6F}.Ad-Hoc|x86.Deploy.0 = Debug|Any CPU
		{85BE5D5F-7AA4-4E21-AFB1-8789BEF55B6F}.AppStore|Any CPU.ActiveCfg = Debug|Any CPU
		{85BE5D5F-7AA4-4E21-AFB1-8789BEF55B6F}.AppStore|Any CPU.Build.0 = Debug|Any CPU
		{85BE5D5F-7AA4-4E21-AFB1-8789BEF55B6F}.AppStore|Any CPU.Deploy.0 = Debug|Any CPU
		{85BE5D5F-7AA4-4E21-AFB1-8789BEF55B6F}.AppStore|ARM.ActiveCfg = Debug|Any CPU
		{85BE5D5F-7AA4-4E21-AFB1-8789BEF55B6F}.AppStore|ARM.Build.0 = Debug|Any CPU
		{85BE5D5F-7AA4-4E21-AFB1-8789BEF55B6F}.AppStore|ARM.Deploy.0 = Debug|Any CPU
		{85BE5D5F-7AA4-4E21-AFB1-8789BEF55B6F}.AppStore|iPhone.ActiveCfg = Debug|Any CPU
		{85BE5D5F-7AA4-4E21-AFB1-8789BEF55B6F}.AppStore|iPhone.Build.0 = Debug|Any CPU
		{85BE5D5F-7AA4-4E21-AFB1-8789BEF55B6F}.AppStore|iPhone.Deploy.0 = Debug|Any CPU
		{85BE5D5F-7AA4-4E21-AFB1-8789BEF55B6F}.AppStore|iPhoneSimulator.ActiveCfg = Debug|Any CPU
		{85BE5D5F-7AA4-4E21-AFB1-8789BEF55B6F}.AppStore|iPhoneSimulator.Build.0 = Debug|Any CPU
		{85BE5D5F-7AA4-4E21-AFB1-8789BEF55B6F}.AppStore|iPhoneSimulator.Deploy.0 = Debug|Any CPU
		{85BE5D5F-7AA4-4E21-AFB1-8789BEF55B6F}.AppStore|x64.ActiveCfg = Debug|Any CPU
		{85BE5D5F-7AA4-4E21-AFB1-8789BEF55B6F}.AppStore|x64.Build.0 = Debug|Any CPU
		{85BE5D5F-7AA4-4E21-AFB1-8789BEF55B6F}.AppStore|x64.Deploy.0 = Debug|Any CPU
		{85BE5D5F-7AA4-4E21-AFB1-8789BEF55B6F}.AppStore|x86.ActiveCfg = Debug|Any CPU
		{85BE5D5F-7AA4-4E21-AFB1-8789BEF55B6F}.AppStore|x86.Build.0 = Debug|Any CPU
		{85BE5D5F-7AA4-4E21-AFB1-8789BEF55B6F}.AppStore|x86.Deploy.0 = Debug|Any CPU
		{85BE5D5F-7AA4-4E21-AFB1-8789BEF55B6F}.Debug|Any CPU.ActiveCfg = Debug|Any CPU
		{85BE5D5F-7AA4-4E21-AFB1-8789BEF55B6F}.Debug|Any CPU.Build.0 = Debug|Any CPU
		{85BE5D5F-7AA4-4E21-AFB1-8789BEF55B6F}.Debug|Any CPU.Deploy.0 = Debug|Any CPU
		{85BE5D5F-7AA4-4E21-AFB1-8789BEF55B6F}.Debug|ARM.ActiveCfg = Debug|Any CPU
		{85BE5D5F-7AA4-4E21-AFB1-8789BEF55B6F}.Debug|ARM.Build.0 = Debug|Any CPU
		{85BE5D5F-7AA4-4E21-AFB1-8789BEF55B6F}.Debug|ARM.Deploy.0 = Debug|Any CPU
		{85BE5D5F-7AA4-4E21-AFB1-8789BEF55B6F}.Debug|iPhone.ActiveCfg = Debug|Any CPU
		{85BE5D5F-7AA4-4E21-AFB1-8789BEF55B6F}.Debug|iPhone.Build.0 = Debug|Any CPU
		{85BE5D5F-7AA4-4E21-AFB1-8789BEF55B6F}.Debug|iPhone.Deploy.0 = Debug|Any CPU
		{85BE5D5F-7AA4-4E21-AFB1-8789BEF55B6F}.Debug|iPhoneSimulator.ActiveCfg = Debug|Any CPU
		{85BE5D5F-7AA4-4E21-AFB1-8789BEF55B6F}.Debug|iPhoneSimulator.Build.0 = Debug|Any CPU
		{85BE5D5F-7AA4-4E21-AFB1-8789BEF55B6F}.Debug|iPhoneSimulator.Deploy.0 = Debug|Any CPU
		{85BE5D5F-7AA4-4E21-AFB1-8789BEF55B6F}.Debug|x64.ActiveCfg = Debug|Any CPU
		{85BE5D5F-7AA4-4E21-AFB1-8789BEF55B6F}.Debug|x64.Build.0 = Debug|Any CPU
		{85BE5D5F-7AA4-4E21-AFB1-8789BEF55B6F}.Debug|x64.Deploy.0 = Debug|Any CPU
		{85BE5D5F-7AA4-4E21-AFB1-8789BEF55B6F}.Debug|x86.ActiveCfg = Debug|Any CPU
		{85BE5D5F-7AA4-4E21-AFB1-8789BEF55B6F}.Debug|x86.Build.0 = Debug|Any CPU
		{85BE5D5F-7AA4-4E21-AFB1-8789BEF55B6F}.Debug|x86.Deploy.0 = Debug|Any CPU
		{85BE5D5F-7AA4-4E21-AFB1-8789BEF55B6F}.Release|Any CPU.ActiveCfg = Release|Any CPU
		{85BE5D5F-7AA4-4E21-AFB1-8789BEF55B6F}.Release|Any CPU.Build.0 = Release|Any CPU
		{85BE5D5F-7AA4-4E21-AFB1-8789BEF55B6F}.Release|Any CPU.Deploy.0 = Release|Any CPU
		{85BE5D5F-7AA4-4E21-AFB1-8789BEF55B6F}.Release|ARM.ActiveCfg = Release|Any CPU
		{85BE5D5F-7AA4-4E21-AFB1-8789BEF55B6F}.Release|ARM.Build.0 = Release|Any CPU
		{85BE5D5F-7AA4-4E21-AFB1-8789BEF55B6F}.Release|ARM.Deploy.0 = Release|Any CPU
		{85BE5D5F-7AA4-4E21-AFB1-8789BEF55B6F}.Release|iPhone.ActiveCfg = Release|Any CPU
		{85BE5D5F-7AA4-4E21-AFB1-8789BEF55B6F}.Release|iPhone.Build.0 = Release|Any CPU
		{85BE5D5F-7AA4-4E21-AFB1-8789BEF55B6F}.Release|iPhone.Deploy.0 = Release|Any CPU
		{85BE5D5F-7AA4-4E21-AFB1-8789BEF55B6F}.Release|iPhoneSimulator.ActiveCfg = Release|Any CPU
		{85BE5D5F-7AA4-4E21-AFB1-8789BEF55B6F}.Release|iPhoneSimulator.Build.0 = Release|Any CPU
		{85BE5D5F-7AA4-4E21-AFB1-8789BEF55B6F}.Release|iPhoneSimulator.Deploy.0 = Release|Any CPU
		{85BE5D5F-7AA4-4E21-AFB1-8789BEF55B6F}.Release|x64.ActiveCfg = Release|Any CPU
		{85BE5D5F-7AA4-4E21-AFB1-8789BEF55B6F}.Release|x64.Build.0 = Release|Any CPU
		{85BE5D5F-7AA4-4E21-AFB1-8789BEF55B6F}.Release|x64.Deploy.0 = Release|Any CPU
		{85BE5D5F-7AA4-4E21-AFB1-8789BEF55B6F}.Release|x86.ActiveCfg = Release|Any CPU
		{85BE5D5F-7AA4-4E21-AFB1-8789BEF55B6F}.Release|x86.Build.0 = Release|Any CPU
		{85BE5D5F-7AA4-4E21-AFB1-8789BEF55B6F}.Release|x86.Deploy.0 = Release|Any CPU
		{D097C6F4-B182-4A86-A8D8-737557BE0034}.Ad-Hoc|Any CPU.ActiveCfg = Release|Any CPU
		{D097C6F4-B182-4A86-A8D8-737557BE0034}.Ad-Hoc|Any CPU.Build.0 = Release|Any CPU
		{D097C6F4-B182-4A86-A8D8-737557BE0034}.Ad-Hoc|ARM.ActiveCfg = Release|Any CPU
		{D097C6F4-B182-4A86-A8D8-737557BE0034}.Ad-Hoc|ARM.Build.0 = Release|Any CPU
		{D097C6F4-B182-4A86-A8D8-737557BE0034}.Ad-Hoc|iPhone.ActiveCfg = Release|Any CPU
		{D097C6F4-B182-4A86-A8D8-737557BE0034}.Ad-Hoc|iPhone.Build.0 = Release|Any CPU
		{D097C6F4-B182-4A86-A8D8-737557BE0034}.Ad-Hoc|iPhoneSimulator.ActiveCfg = Release|Any CPU
		{D097C6F4-B182-4A86-A8D8-737557BE0034}.Ad-Hoc|iPhoneSimulator.Build.0 = Release|Any CPU
		{D097C6F4-B182-4A86-A8D8-737557BE0034}.Ad-Hoc|x64.ActiveCfg = Release|Any CPU
		{D097C6F4-B182-4A86-A8D8-737557BE0034}.Ad-Hoc|x64.Build.0 = Release|Any CPU
		{D097C6F4-B182-4A86-A8D8-737557BE0034}.Ad-Hoc|x86.ActiveCfg = Release|Any CPU
		{D097C6F4-B182-4A86-A8D8-737557BE0034}.Ad-Hoc|x86.Build.0 = Release|Any CPU
		{D097C6F4-B182-4A86-A8D8-737557BE0034}.AppStore|Any CPU.ActiveCfg = Release|Any CPU
		{D097C6F4-B182-4A86-A8D8-737557BE0034}.AppStore|Any CPU.Build.0 = Release|Any CPU
		{D097C6F4-B182-4A86-A8D8-737557BE0034}.AppStore|ARM.ActiveCfg = Release|Any CPU
		{D097C6F4-B182-4A86-A8D8-737557BE0034}.AppStore|ARM.Build.0 = Release|Any CPU
		{D097C6F4-B182-4A86-A8D8-737557BE0034}.AppStore|iPhone.ActiveCfg = Release|Any CPU
		{D097C6F4-B182-4A86-A8D8-737557BE0034}.AppStore|iPhone.Build.0 = Release|Any CPU
		{D097C6F4-B182-4A86-A8D8-737557BE0034}.AppStore|iPhoneSimulator.ActiveCfg = Release|Any CPU
		{D097C6F4-B182-4A86-A8D8-737557BE0034}.AppStore|iPhoneSimulator.Build.0 = Release|Any CPU
		{D097C6F4-B182-4A86-A8D8-737557BE0034}.AppStore|x64.ActiveCfg = Release|Any CPU
		{D097C6F4-B182-4A86-A8D8-737557BE0034}.AppStore|x64.Build.0 = Release|Any CPU
		{D097C6F4-B182-4A86-A8D8-737557BE0034}.AppStore|x86.ActiveCfg = Release|Any CPU
		{D097C6F4-B182-4A86-A8D8-737557BE0034}.AppStore|x86.Build.0 = Release|Any CPU
		{D097C6F4-B182-4A86-A8D8-737557BE0034}.Debug|Any CPU.ActiveCfg = Debug|Any CPU
		{D097C6F4-B182-4A86-A8D8-737557BE0034}.Debug|Any CPU.Build.0 = Debug|Any CPU
		{D097C6F4-B182-4A86-A8D8-737557BE0034}.Debug|ARM.ActiveCfg = Debug|Any CPU
		{D097C6F4-B182-4A86-A8D8-737557BE0034}.Debug|ARM.Build.0 = Debug|Any CPU
		{D097C6F4-B182-4A86-A8D8-737557BE0034}.Debug|iPhone.ActiveCfg = Debug|Any CPU
		{D097C6F4-B182-4A86-A8D8-737557BE0034}.Debug|iPhone.Build.0 = Debug|Any CPU
		{D097C6F4-B182-4A86-A8D8-737557BE0034}.Debug|iPhoneSimulator.ActiveCfg = Debug|Any CPU
		{D097C6F4-B182-4A86-A8D8-737557BE0034}.Debug|iPhoneSimulator.Build.0 = Debug|Any CPU
		{D097C6F4-B182-4A86-A8D8-737557BE0034}.Debug|x64.ActiveCfg = Debug|Any CPU
		{D097C6F4-B182-4A86-A8D8-737557BE0034}.Debug|x64.Build.0 = Debug|Any CPU
		{D097C6F4-B182-4A86-A8D8-737557BE0034}.Debug|x86.ActiveCfg = Debug|Any CPU
		{D097C6F4-B182-4A86-A8D8-737557BE0034}.Debug|x86.Build.0 = Debug|Any CPU
		{D097C6F4-B182-4A86-A8D8-737557BE0034}.Release|Any CPU.ActiveCfg = Release|Any CPU
		{D097C6F4-B182-4A86-A8D8-737557BE0034}.Release|Any CPU.Build.0 = Release|Any CPU
		{D097C6F4-B182-4A86-A8D8-737557BE0034}.Release|ARM.ActiveCfg = Release|Any CPU
		{D097C6F4-B182-4A86-A8D8-737557BE0034}.Release|ARM.Build.0 = Release|Any CPU
		{D097C6F4-B182-4A86-A8D8-737557BE0034}.Release|iPhone.ActiveCfg = Release|Any CPU
		{D097C6F4-B182-4A86-A8D8-737557BE0034}.Release|iPhone.Build.0 = Release|Any CPU
		{D097C6F4-B182-4A86-A8D8-737557BE0034}.Release|iPhoneSimulator.ActiveCfg = Release|Any CPU
		{D097C6F4-B182-4A86-A8D8-737557BE0034}.Release|iPhoneSimulator.Build.0 = Release|Any CPU
		{D097C6F4-B182-4A86-A8D8-737557BE0034}.Release|x64.ActiveCfg = Release|Any CPU
		{D097C6F4-B182-4A86-A8D8-737557BE0034}.Release|x64.Build.0 = Release|Any CPU
		{D097C6F4-B182-4A86-A8D8-737557BE0034}.Release|x86.ActiveCfg = Release|Any CPU
		{D097C6F4-B182-4A86-A8D8-737557BE0034}.Release|x86.Build.0 = Release|Any CPU
	EndGlobalSection
	GlobalSection(SolutionProperties) = preSolution
		HideSolutionNode = FALSE
	EndGlobalSection
	GlobalSection(ExtensibilityGlobals) = postSolution
		SolutionGuid = {E36F27DF-29B7-4AAA-BF46-5D4685DF12E5}
	EndGlobalSection
EndGlobal
